
Microsoft Visual Studio Solution File, Format Version 12.00
# Visual Studio Version 16
VisualStudioVersion = 16.0.31515.178
MinimumVisualStudioVersion = 10.0.40219.1
Project("{FAE04EC0-301F-11D3-BF4B-00C04F79EFBC}") = "WebApplication1", "WebApplication1\WebApplication1.csproj", "{48C379F0-E6E4-42A9-975D-53F307AE2099}"
EndProject
Global
	GlobalSection(SolutionConfigurationPlatforms) = preSolution
		Debug|Any CPU = Debug|Any CPU
		Release|Any CPU = Release|Any CPU
	EndGlobalSection
	GlobalSection(ProjectConfigurationPlatforms) = postSolution
		{48C379F0-E6E4-42A9-975D-53F307AE2099}.Debug|Any CPU.ActiveCfg = Debug|Any CPU
		{48C379F0-E6E4-42A9-975D-53F307AE2099}.Debug|Any CPU.Build.0 = Debug|Any CPU
		{48C379F0-E6E4-42A9-975D-53F307AE2099}.Release|Any CPU.ActiveCfg = Release|Any CPU
		{48C379F0-E6E4-42A9-975D-53F307AE2099}.Release|Any CPU.Build.0 = Release|Any CPU
	EndGlobalSection
	GlobalSection(SolutionProperties) = preSolution
		HideSolutionNode = FALSE
	EndGlobalSection
	GlobalSection(ExtensibilityGlobals) = postSolution
		SolutionGuid = {836FD60B-B99D-4B7F-9867-BC7FDECC6152}
	EndGlobalSection
EndGlobal
